
Microsoft Visual Studio Solution File, Format Version 12.00
# Visual Studio Version 16
VisualStudioVersion = 16.0.29709.97
MinimumVisualStudioVersion = 10.0.40219.1
Project("{FAE04EC0-301F-11D3-BF4B-00C04F79EFBC}") = "WebApplicationWebApi", "WebApplicationWebApi.csproj", "{13721788-9D43-45E7-96A6-8CDE7D92A89C}"
EndProject
Global
	GlobalSection(SolutionConfigurationPlatforms) = preSolution
		Debug|Any CPU = Debug|Any CPU
		Release|Any CPU = Release|Any CPU
	EndGlobalSection
	GlobalSection(ProjectConfigurationPlatforms) = postSolution
		{13721788-9D43-45E7-96A6-8CDE7D92A89C}.Debug|Any CPU.ActiveCfg = Debug|Any CPU
		{13721788-9D43-45E7-96A6-8CDE7D92A89C}.Debug|Any CPU.Build.0 = Debug|Any CPU
		{13721788-9D43-45E7-96A6-8CDE7D92A89C}.Release|Any CPU.ActiveCfg = Release|Any CPU
		{13721788-9D43-45E7-96A6-8CDE7D92A89C}.Release|Any CPU.Build.0 = Release|Any CPU
	EndGlobalSection
	GlobalSection(SolutionProperties) = preSolution
		HideSolutionNode = FALSE
	EndGlobalSection
	GlobalSection(ExtensibilityGlobals) = postSolution
		SolutionGuid = {2011F522-CE28-4F5A-977C-D7DA4B43456C}
	EndGlobalSection
EndGlobal
